// !$*UTF8*$!
{
	archiveVersion = 1;
	classes = {
	};
	objectVersion = 56;
	objects = {

/* Begin PBXBuildFile section */
		391A9EF92EAFDAA60044FE3A /* Assets.xcassets in Resources */ = {isa = PBXBuildFile; fileRef = 391A9EF82EAFDAA60044FE3A /* Assets.xcassets */; };
		391A9EFE2EAFDACD0044FE3A /* LaunchScreen.storyboard in Resources */ = {isa = PBXBuildFile; fileRef = 391A9EFC2EAFDACD0044FE3A /* LaunchScreen.storyboard */; };
		391A9F062EAFDB0F0044FE3A /* PrototypeAuthentication.swift in Sources */ = {isa = PBXBuildFile; fileRef = 391A9F042EAFDB0F0044FE3A /* PrototypeAuthentication.swift */; };
		391A9F072EAFDB0F0044FE3A /* RentSwipeApp.swift in Sources */ = {isa = PBXBuildFile; fileRef = 391A9F052EAFDB0F0044FE3A /* RentSwipeApp.swift */; };
		391A9F082EAFDB0F0044FE3A /* Preview Assets.xcassets in Resources */ = {isa = PBXBuildFile; fileRef = 391A9F022EAFDB0F0044FE3A /* Preview Assets.xcassets */; };
		392656BA2EB05E2200D55080 /* SplashView.swift in Sources */ = {isa = PBXBuildFile; fileRef = 392656B92EB05E1A00D55080 /* SplashView.swift */; };
		392656BC2EB05E4F00D55080 /* LoginEntryView.swift in Sources */ = {isa = PBXBuildFile; fileRef = 392656BB2EB05E4800D55080 /* LoginEntryView.swift */; };
		392656BE2EB0EC4A00D55080 /* Models.swift in Sources */ = {isa = PBXBuildFile; fileRef = 392656BD2EB0EC4700D55080 /* Models.swift */; };
		392656C22EB113FC00D55080 /* SwipeDiscoveryView.swift in Sources */ = {isa = PBXBuildFile; fileRef = 392656C12EB113FB00D55080 /* SwipeDiscoveryView.swift */; };
		394F9C842EB2A65200585D09 /* FavouritesStore.swift in Sources */ = {isa = PBXBuildFile; fileRef = 394F9C832EB2A64C00585D09 /* FavouritesStore.swift */; };
		394F9C862EB2A66300585D09 /* FavouritesListView.swift in Sources */ = {isa = PBXBuildFile; fileRef = 394F9C852EB2A65E00585D09 /* FavouritesListView.swift */; };
		394F9C882EB2A6D800585D09 /* ListingComparisonView.swift in Sources */ = {isa = PBXBuildFile; fileRef = 394F9C872EB2A6D300585D09 /* ListingComparisonView.swift */; };
		394F9C8A2EB2B6D300585D09 /* ChatModels.swift in Sources */ = {isa = PBXBuildFile; fileRef = 394F9C892EB2B6D000585D09 /* ChatModels.swift */; };
		394F9C8C2EB2B7CE00585D09 /* ChatStore.swift in Sources */ = {isa = PBXBuildFile; fileRef = 394F9C8B2EB2B7CB00585D09 /* ChatStore.swift */; };
		394F9C8E2EB2B7E800585D09 /* ChatsHomeView.swift in Sources */ = {isa = PBXBuildFile; fileRef = 394F9C8D2EB2B7E000585D09 /* ChatsHomeView.swift */; };
		394F9C902EB2B7FC00585D09 /* ChatThreadView.swift in Sources */ = {isa = PBXBuildFile; fileRef = 394F9C8F2EB2B7FC00585D09 /* ChatThreadView.swift */; };
		394F9C922EB2B80800585D09 /* MessageBubble.swift in Sources */ = {isa = PBXBuildFile; fileRef = 394F9C912EB2B80800585D09 /* MessageBubble.swift */; };
		394F9C972EB2C63000585D09 /* AppRouter.swift in Sources */ = {isa = PBXBuildFile; fileRef = 394F9C962EB2C62C00585D09 /* AppRouter.swift */; };
/* End PBXBuildFile section */

/* Begin PBXContainerItemProxy section */
		2B8DA3092C5A5AC800A4A927 /* PBXContainerItemProxy */ = {
			isa = PBXContainerItemProxy;
			containerPortal = 2B8DA2E52C5A5A2B00A4A927 /* Project object */;
			proxyType = 1;
			remoteGlobalIDString = 2B8DA2E62C5A5A2B00A4A927;
			remoteInfo = RentSwipe;
		};
		2B8DA30A2C5A5AC800A4A927 /* PBXContainerItemProxy */ = {
			isa = PBXContainerItemProxy;
			containerPortal = 2B8DA2E52C5A5A2B00A4A927 /* Project object */;
			proxyType = 1;
			remoteGlobalIDString = 2B8DA2E62C5A5A2B00A4A927;
			remoteInfo = RentSwipe;
		};
/* End PBXContainerItemProxy section */

/* Begin PBXFileReference section */
		2B8DA2E72C5A5A2B00A4A927 /* RentSwipe.app */ = {isa = PBXFileReference; explicitFileType = wrapper.application; includeInIndex = 0; path = RentSwipe.app; sourceTree = BUILT_PRODUCTS_DIR; };
		2B8DA2F22C5A5A2C00A4A927 /* RentSwipeTests.xctest */ = {isa = PBXFileReference; explicitFileType = wrapper.cfbundle; includeInIndex = 0; path = RentSwipeTests.xctest; sourceTree = BUILT_PRODUCTS_DIR; };
		2B8DA2F72C5A5A2C00A4A927 /* RentSwipeUITests.xctest */ = {isa = PBXFileReference; explicitFileType = wrapper.cfbundle; includeInIndex = 0; path = RentSwipeUITests.xctest; sourceTree = BUILT_PRODUCTS_DIR; };
		391A9EF82EAFDAA60044FE3A /* Assets.xcassets */ = {isa = PBXFileReference; lastKnownFileType = folder.assetcatalog; path = Assets.xcassets; sourceTree = "<group>"; };
		391A9EFA2EAFDAB70044FE3A /* Assets.xcassets */ = {isa = PBXFileReference; lastKnownFileType = folder.assetcatalog; path = Assets.xcassets; sourceTree = "<group>"; };
		391A9EFB2EAFDACD0044FE3A /* Base */ = {isa = PBXFileReference; lastKnownFileType = file.storyboard; name = Base; path = LaunchScreen.storyboard; sourceTree = "<group>"; };
		391A9F012EAFDB0F0044FE3A /* Info.plist */ = {isa = PBXFileReference; lastKnownFileType = text.plist.xml; path = Info.plist; sourceTree = "<group>"; };
		391A9F022EAFDB0F0044FE3A /* Preview Assets.xcassets */ = {isa = PBXFileReference; lastKnownFileType = folder.assetcatalog; path = "Preview Assets.xcassets"; sourceTree = "<group>"; };
		391A9F042EAFDB0F0044FE3A /* PrototypeAuthentication.swift */ = {isa = PBXFileReference; lastKnownFileType = sourcecode.swift; path = PrototypeAuthentication.swift; sourceTree = "<group>"; };
		391A9F052EAFDB0F0044FE3A /* RentSwipeApp.swift */ = {isa = PBXFileReference; lastKnownFileType = sourcecode.swift; path = RentSwipeApp.swift; sourceTree = "<group>"; };
		391A9F0C2EAFDB4E0044FE3A /* RentSwipeTests.swift */ = {isa = PBXFileReference; lastKnownFileType = sourcecode.swift; path = RentSwipeTests.swift; sourceTree = "<group>"; };
		391A9F0E2EAFDB5F0044FE3A /* RentSwipeUITests.swift */ = {isa = PBXFileReference; lastKnownFileType = sourcecode.swift; path = RentSwipeUITests.swift; sourceTree = "<group>"; };
		392656B92EB05E1A00D55080 /* SplashView.swift */ = {isa = PBXFileReference; lastKnownFileType = sourcecode.swift; path = SplashView.swift; sourceTree = "<group>"; };
		392656BB2EB05E4800D55080 /* LoginEntryView.swift */ = {isa = PBXFileReference; lastKnownFileType = sourcecode.swift; path = LoginEntryView.swift; sourceTree = "<group>"; };
		392656BD2EB0EC4700D55080 /* Models.swift */ = {isa = PBXFileReference; lastKnownFileType = sourcecode.swift; path = Models.swift; sourceTree = "<group>"; };
		392656C12EB113FB00D55080 /* SwipeDiscoveryView.swift */ = {isa = PBXFileReference; lastKnownFileType = sourcecode.swift; path = SwipeDiscoveryView.swift; sourceTree = "<group>"; };
		394F9C832EB2A64C00585D09 /* FavouritesStore.swift */ = {isa = PBXFileReference; lastKnownFileType = sourcecode.swift; path = FavouritesStore.swift; sourceTree = "<group>"; };
		394F9C852EB2A65E00585D09 /* FavouritesListView.swift */ = {isa = PBXFileReference; lastKnownFileType = sourcecode.swift; path = FavouritesListView.swift; sourceTree = "<group>"; };
		394F9C872EB2A6D300585D09 /* ListingComparisonView.swift */ = {isa = PBXFileReference; lastKnownFileType = sourcecode.swift; path = ListingComparisonView.swift; sourceTree = "<group>"; };
		394F9C892EB2B6D000585D09 /* ChatModels.swift */ = {isa = PBXFileReference; lastKnownFileType = sourcecode.swift; path = ChatModels.swift; sourceTree = "<group>"; };
		394F9C8B2EB2B7CB00585D09 /* ChatStore.swift */ = {isa = PBXFileReference; lastKnownFileType = sourcecode.swift; path = ChatStore.swift; sourceTree = "<group>"; };
		394F9C8D2EB2B7E000585D09 /* ChatsHomeView.swift */ = {isa = PBXFileReference; lastKnownFileType = sourcecode.swift; path = ChatsHomeView.swift; sourceTree = "<group>"; };
		394F9C8F2EB2B7FC00585D09 /* ChatThreadView.swift */ = {isa = PBXFileReference; lastKnownFileType = sourcecode.swift; path = ChatThreadView.swift; sourceTree = "<group>"; };
		394F9C912EB2B80800585D09 /* MessageBubble.swift */ = {isa = PBXFileReference; lastKnownFileType = sourcecode.swift; path = MessageBubble.swift; sourceTree = "<group>"; };
		394F9C962EB2C62C00585D09 /* AppRouter.swift */ = {isa = PBXFileReference; lastKnownFileType = sourcecode.swift; path = AppRouter.swift; sourceTree = "<group>"; };
/* End PBXFileReference section */

/* Begin PBXFrameworksBuildPhase section */
		2B8DA2DE2C5A5A2A00A4A927 /* Frameworks */ = {
			isa = PBXFrameworksBuildPhase;
			buildActionMask = 2147483647;
			files = (
			);
			runOnlyForDeploymentPostprocessing = 0;
		};
		2B8DA2F92C5A5A2C00A4A927 /* Frameworks */ = {
			isa = PBXFrameworksBuildPhase;
			buildActionMask = 2147483647;
			files = (
			);
			runOnlyForDeploymentPostprocessing = 0;
		};
		2B8DA2FE2C5A5A2C00A4A927 /* Frameworks */ = {
			isa = PBXFrameworksBuildPhase;
			buildActionMask = 2147483647;
			files = (
			);
			runOnlyForDeploymentPostprocessing = 0;
		};
/* End PBXFrameworksBuildPhase section */

/* Begin PBXGroup section */
		2B8DA2E42C5A5A1F00A4A927 = {
			isa = PBXGroup;
			children = (
				391A9EFA2EAFDAB70044FE3A /* Assets.xcassets */,
				391A9F0F2EAFDB5F0044FE3A /* RentSwipeUITests */,
				391A9F0D2EAFDB4E0044FE3A /* RentSwipeTests */,
				2B8DA2E82C5A5A2B00A4A927 /* RentSwipe */,
				2B8DA3402C5A5C7E00A4A927 /* Products */,
			);
			sourceTree = "<group>";
		};
		2B8DA2E82C5A5A2B00A4A927 /* RentSwipe */ = {
			isa = PBXGroup;
			children = (
				392656BD2EB0EC4700D55080 /* Models.swift */,
				394F9C832EB2A64C00585D09 /* FavouritesStore.swift */,
				394F9C952EB2C05400585D09 /* Chat */,
				391A9EF82EAFDAA60044FE3A /* Assets.xcassets */,
				391A9EFD2EAFDACD0044FE3A /* Base.lproj */,
				391A9F032EAFDB0F0044FE3A /* Preview Content */,
				391A9F042EAFDB0F0044FE3A /* PrototypeAuthentication.swift */,
				391A9F052EAFDB0F0044FE3A /* RentSwipeApp.swift */,
				394F9C962EB2C62C00585D09 /* AppRouter.swift */,
				391A9F012EAFDB0F0044FE3A /* Info.plist */,
				394F9C932EB2BFF700585D09 /* Views */,
			);
			path = RentSwipe;
			sourceTree = "<group>";
		};
		2B8DA3402C5A5C7E00A4A927 /* Products */ = {
			isa = PBXGroup;
			children = (
				2B8DA2E72C5A5A2B00A4A927 /* RentSwipe.app */,
				2B8DA2F22C5A5A2C00A4A927 /* RentSwipeTests.xctest */,
				2B8DA2F72C5A5A2C00A4A927 /* RentSwipeUITests.xctest */,
			);
			name = Products;
			sourceTree = "<group>";
		};
		391A9EFD2EAFDACD0044FE3A /* Base.lproj */ = {
			isa = PBXGroup;
			children = (
				391A9EFC2EAFDACD0044FE3A /* LaunchScreen.storyboard */,
			);
			path = Base.lproj;
			sourceTree = "<group>";
		};
		391A9F032EAFDB0F0044FE3A /* Preview Content */ = {
			isa = PBXGroup;
			children = (
				391A9F022EAFDB0F0044FE3A /* Preview Assets.xcassets */,
			);
			path = "Preview Content";
			sourceTree = "<group>";
		};
		391A9F0D2EAFDB4E0044FE3A /* RentSwipeTests */ = {
			isa = PBXGroup;
			children = (
				391A9F0C2EAFDB4E0044FE3A /* RentSwipeTests.swift */,
			);
			path = RentSwipeTests;
			sourceTree = "<group>";
		};
		391A9F0F2EAFDB5F0044FE3A /* RentSwipeUITests */ = {
			isa = PBXGroup;
			children = (
				391A9F0E2EAFDB5F0044FE3A /* RentSwipeUITests.swift */,
			);
			path = RentSwipeUITests;
			sourceTree = "<group>";
		};
		394F9C932EB2BFF700585D09 /* Views */ = {
			isa = PBXGroup;
			children = (
				392656C12EB113FB00D55080 /* SwipeDiscoveryView.swift */,
				392656BB2EB05E4800D55080 /* LoginEntryView.swift */,
				392656B92EB05E1A00D55080 /* SplashView.swift */,
				394F9C872EB2A6D300585D09 /* ListingComparisonView.swift */,
				394F9C852EB2A65E00585D09 /* FavouritesListView.swift */,
			);
			path = Views;
			sourceTree = "<group>";
		};
		394F9C952EB2C05400585D09 /* Chat */ = {
			isa = PBXGroup;
			children = (
				394F9C8F2EB2B7FC00585D09 /* ChatThreadView.swift */,
				394F9C892EB2B6D000585D09 /* ChatModels.swift */,
				394F9C8B2EB2B7CB00585D09 /* ChatStore.swift */,
				394F9C8D2EB2B7E000585D09 /* ChatsHomeView.swift */,
				394F9C912EB2B80800585D09 /* MessageBubble.swift */,
			);
			path = Chat;
			sourceTree = "<group>";
		};
/* End PBXGroup section */

/* Begin PBXNativeTarget section */
		2B8DA2E62C5A5A2B00A4A927 /* RentSwipe */ = {
			isa = PBXNativeTarget;
			buildConfigurationList = 2B8DA3212C5A5B4E00A4A927 /* Build configuration list for PBXNativeTarget "RentSwipe" */;
			buildPhases = (
				2B8DA2DD2C5A5A2A00A4A927 /* Sources */,
				2B8DA2DE2C5A5A2A00A4A927 /* Frameworks */,
				2B8DA2DF2C5A5A2A00A4A927 /* Resources */,
			);
			buildRules = (
			);
			dependencies = (
			);
			name = RentSwipe;
			productName = RentSwipe;
			productReference = 2B8DA2E72C5A5A2B00A4A927 /* RentSwipe.app */;
			productType = "com.apple.product-type.application";
		};
		2B8DA2F12C5A5A2C00A4A927 /* RentSwipeTests */ = {
			isa = PBXNativeTarget;
			buildConfigurationList = 2B8DA3222C5A5B4F00A4A927 /* Build configuration list for PBXNativeTarget "RentSwipeTests" */;
			buildPhases = (
				2B8DA2F82C5A5A2C00A4A927 /* Sources */,
				2B8DA2F92C5A5A2C00A4A927 /* Frameworks */,
			);
			buildRules = (
			);
			dependencies = (
				2B8DA30B2C5A5AC800A4A927 /* PBXTargetDependency */,
			);
			name = RentSwipeTests;
			productName = RentSwipeTests;
			productReference = 2B8DA2F22C5A5A2C00A4A927 /* RentSwipeTests.xctest */;
			productType = "com.apple.product-type.bundle.unit-test";
		};
		2B8DA2F62C5A5A2C00A4A927 /* RentSwipeUITests */ = {
			isa = PBXNativeTarget;
			buildConfigurationList = 2B8DA3232C5A5B4F00A4A927 /* Build configuration list for PBXNativeTarget "RentSwipeUITests" */;
			buildPhases = (
				2B8DA2FD2C5A5A2C00A4A928 /* Sources */,
				2B8DA2FE2C5A5A2C00A4A927 /* Frameworks */,
			);
			buildRules = (
			);
			dependencies = (
				2B8DA30C2C5A5AC800A4A927 /* PBXTargetDependency */,
			);
			name = RentSwipeUITests;
			productName = RentSwipeUITests;
			productReference = 2B8DA2F72C5A5A2C00A4A927 /* RentSwipeUITests.xctest */;
			productType = "com.apple.product-type.bundle.ui-testing";
		};
/* End PBXNativeTarget section */

/* Begin PBXProject section */
		2B8DA2E52C5A5A2B00A4A927 /* Project object */ = {
			isa = PBXProject;
			attributes = {
				LastSwiftUpdateCheck = 1520;
				LastUpgradeCheck = 1520;
				TargetAttributes = {
					2B8DA2E62C5A5A2B00A4A927 = {
						CreatedOnToolsVersion = 15.2;
					};
					2B8DA2F12C5A5A2C00A4A927 = {
						CreatedOnToolsVersion = 15.2;
						TestTargetID = 2B8DA2E62C5A5A2B00A4A927;
					};
					2B8DA2F62C5A5A2C00A4A927 = {
						CreatedOnToolsVersion = 15.2;
						TestTargetID = 2B8DA2E62C5A5A2B00A4A927;
					};
				};
			};
			buildConfigurationList = 2B8DA3202C5A5B4E00A4A927 /* Build configuration list for PBXProject "RentSwipe" */;
			compatibilityVersion = "Xcode 14.0";
			developmentRegion = en;
			hasScannedForEncodings = 0;
			knownRegions = (
				en,
				Base,
			);
			mainGroup = 2B8DA2E42C5A5A1F00A4A927;
			productRefGroup = 2B8DA3402C5A5C7E00A4A927 /* Products */;
			projectDirPath = "";
			projectRoot = "";
			targets = (
				2B8DA2E62C5A5A2B00A4A927 /* RentSwipe */,
				2B8DA2F12C5A5A2C00A4A927 /* RentSwipeTests */,
				2B8DA2F62C5A5A2C00A4A927 /* RentSwipeUITests */,
			);
		};
/* End PBXProject section */

/* Begin PBXResourcesBuildPhase section */
		2B8DA2DF2C5A5A2A00A4A927 /* Resources */ = {
			isa = PBXResourcesBuildPhase;
			buildActionMask = 2147483647;
			files = (
				391A9F082EAFDB0F0044FE3A /* Preview Assets.xcassets in Resources */,
				391A9EFE2EAFDACD0044FE3A /* LaunchScreen.storyboard in Resources */,
				391A9EF92EAFDAA60044FE3A /* Assets.xcassets in Resources */,
			);
			runOnlyForDeploymentPostprocessing = 0;
		};
/* End PBXResourcesBuildPhase section */

/* Begin PBXSourcesBuildPhase section */
		2B8DA2DD2C5A5A2A00A4A927 /* Sources */ = {
			isa = PBXSourcesBuildPhase;
			buildActionMask = 2147483647;
			files = (
				394F9C8E2EB2B7E800585D09 /* ChatsHomeView.swift in Sources */,
				392656BA2EB05E2200D55080 /* SplashView.swift in Sources */,
				392656C22EB113FC00D55080 /* SwipeDiscoveryView.swift in Sources */,
				394F9C8A2EB2B6D300585D09 /* ChatModels.swift in Sources */,
				392656BC2EB05E4F00D55080 /* LoginEntryView.swift in Sources */,
				394F9C902EB2B7FC00585D09 /* ChatThreadView.swift in Sources */,
				394F9C8C2EB2B7CE00585D09 /* ChatStore.swift in Sources */,
				392656BE2EB0EC4A00D55080 /* Models.swift in Sources */,
				394F9C842EB2A65200585D09 /* FavouritesStore.swift in Sources */,
				394F9C862EB2A66300585D09 /* FavouritesListView.swift in Sources */,
				391A9F062EAFDB0F0044FE3A /* PrototypeAuthentication.swift in Sources */,
				391A9F072EAFDB0F0044FE3A /* RentSwipeApp.swift in Sources */,
				394F9C882EB2A6D800585D09 /* ListingComparisonView.swift in Sources */,
				394F9C972EB2C63000585D09 /* AppRouter.swift in Sources */,
				394F9C922EB2B80800585D09 /* MessageBubble.swift in Sources */,
			);
			runOnlyForDeploymentPostprocessing = 0;
		};
		2B8DA2F82C5A5A2C00A4A927 /* Sources */ = {
			isa = PBXSourcesBuildPhase;
			buildActionMask = 2147483647;
			files = (
			);
			runOnlyForDeploymentPostprocessing = 0;
		};
		2B8DA2FD2C5A5A2C00A4A928 /* Sources */ = {
			isa = PBXSourcesBuildPhase;
			buildActionMask = 2147483647;
			files = (
			);
			runOnlyForDeploymentPostprocessing = 0;
		};
/* End PBXSourcesBuildPhase section */

/* Begin PBXTargetDependency section */
		2B8DA30B2C5A5AC800A4A927 /* PBXTargetDependency */ = {
			isa = PBXTargetDependency;
			target = 2B8DA2E62C5A5A2B00A4A927 /* RentSwipe */;
			targetProxy = 2B8DA3092C5A5AC800A4A927 /* PBXContainerItemProxy */;
		};
		2B8DA30C2C5A5AC800A4A927 /* PBXTargetDependency */ = {
			isa = PBXTargetDependency;
			target = 2B8DA2E62C5A5A2B00A4A927 /* RentSwipe */;
			targetProxy = 2B8DA30A2C5A5AC800A4A927 /* PBXContainerItemProxy */;
		};
/* End PBXTargetDependency section */

/* Begin PBXVariantGroup section */
		391A9EFC2EAFDACD0044FE3A /* LaunchScreen.storyboard */ = {
			isa = PBXVariantGroup;
			children = (
				391A9EFB2EAFDACD0044FE3A /* Base */,
			);
			name = LaunchScreen.storyboard;
			sourceTree = "<group>";
		};
/* End PBXVariantGroup section */

/* Begin XCBuildConfiguration section */
		2B8DA2FB2C5A5A2C00A4A927 /* Debug */ = {
			isa = XCBuildConfiguration;
			buildSettings = {
				ASSETCATALOG_COMPILER_APPICON_NAME = AppIcon;
				ASSETCATALOG_COMPILER_GLOBAL_ACCENT_COLOR_NAME = AccentColor;
				CLANG_ENABLE_MODULES = YES;
				CODE_SIGN_STYLE = Automatic;
				CURRENT_PROJECT_VERSION = 1;
				DEVELOPMENT_ASSET_PATHS = "\"RentSwipe/RentSwipe/Preview Content\"";
				DEVELOPMENT_TEAM = V6GY7Z58CZ;
				ENABLE_PREVIEWS = YES;
				GENERATE_INFOPLIST_FILE = NO;
				INFOPLIST_FILE = RentSwipe/Info.plist;
				INFOPLIST_KEY_UIApplicationSceneManifest_Generation = YES;
				INFOPLIST_KEY_UIApplicationSupportsIndirectInputEvents = YES;
				INFOPLIST_KEY_UILaunchStoryboardName = LaunchScreen;
				INFOPLIST_KEY_UISupportedInterfaceOrientations = "UIInterfaceOrientationPortrait UIInterfaceOrientationLandscapeLeft UIInterfaceOrientationLandscapeRight";
				IPHONEOS_DEPLOYMENT_TARGET = 16.0;
				LD_RUNPATH_SEARCH_PATHS = (
					"$(inherited)",
					"@executable_path/Frameworks",
				);
				MARKETING_VERSION = 1.0;
				PRODUCT_BUNDLE_IDENTIFIER = "com.example.RentSwipe-Dev";
				PRODUCT_NAME = "$(TARGET_NAME)";
				SUPPORTED_PLATFORMS = "iphonesimulator iphoneos";
				SWIFT_EMIT_LOC_STRINGS = YES;
				SWIFT_VERSION = 5.0;
				TARGETED_DEVICE_FAMILY = 1;
			};
			name = Debug;
		};
		2B8DA2FC2C5A5A2C00A4A927 /* Release */ = {
			isa = XCBuildConfiguration;
			buildSettings = {
				ASSETCATALOG_COMPILER_APPICON_NAME = AppIcon;
				ASSETCATALOG_COMPILER_GLOBAL_ACCENT_COLOR_NAME = AccentColor;
				CLANG_ENABLE_MODULES = YES;
				CODE_SIGN_STYLE = Automatic;
				CURRENT_PROJECT_VERSION = 1;
				DEVELOPMENT_ASSET_PATHS = "\"RentSwipe/RentSwipe/Preview Content\"";
				DEVELOPMENT_TEAM = V6GY7Z58CZ;
				ENABLE_PREVIEWS = YES;
				GENERATE_INFOPLIST_FILE = NO;
				INFOPLIST_FILE = RentSwipe/Info.plist;
				INFOPLIST_KEY_UIApplicationSceneManifest_Generation = YES;
				INFOPLIST_KEY_UIApplicationSupportsIndirectInputEvents = YES;
				INFOPLIST_KEY_UILaunchStoryboardName = LaunchScreen;
				INFOPLIST_KEY_UISupportedInterfaceOrientations = "UIInterfaceOrientationPortrait UIInterfaceOrientationLandscapeLeft UIInterfaceOrientationLandscapeRight";
				IPHONEOS_DEPLOYMENT_TARGET = 16.0;
				LD_RUNPATH_SEARCH_PATHS = (
					"$(inherited)",
					"@executable_path/Frameworks",
				);
				MARKETING_VERSION = 1.0;
				PRODUCT_BUNDLE_IDENTIFIER = "com.example.RentSwipe-Dev";
				PRODUCT_NAME = "$(TARGET_NAME)";
				SUPPORTED_PLATFORMS = "iphonesimulator iphoneos";
				SWIFT_EMIT_LOC_STRINGS = YES;
				SWIFT_VERSION = 5.0;
				TARGETED_DEVICE_FAMILY = 1;
			};
			name = Release;
		};
		2B8DA30D2C5A5AC800A4A927 /* Debug */ = {
			isa = XCBuildConfiguration;
			buildSettings = {
				CLANG_ENABLE_MODULES = YES;
				CODE_SIGN_STYLE = Automatic;
				CURRENT_PROJECT_VERSION = 1;
				DEVELOPMENT_TEAM = "";
				GENERATE_INFOPLIST_FILE = YES;
				IPHONEOS_DEPLOYMENT_TARGET = 16.0;
				LD_RUNPATH_SEARCH_PATHS = (
					"$(inherited)",
					"@executable_path/Frameworks",
					"@loader_path/Frameworks",
				);
				MARKETING_VERSION = 1.0;
				PRODUCT_BUNDLE_IDENTIFIER = com.example.RentSwipeTests;
				PRODUCT_NAME = "$(TARGET_NAME)";
				SUPPORTED_PLATFORMS = "iphonesimulator iphoneos";
				SWIFT_VERSION = 5.0;
				TARGETED_DEVICE_FAMILY = 1;
				TEST_HOST = "$(BUILT_PRODUCTS_DIR)/RentSwipe.app/$(BUNDLE_EXECUTABLE_FOLDER_PATH)/RentSwipe";
			};
			name = Debug;
		};
		2B8DA30E2C5A5AC800A4A927 /* Release */ = {
			isa = XCBuildConfiguration;
			buildSettings = {
				CLANG_ENABLE_MODULES = YES;
				CODE_SIGN_STYLE = Automatic;
				CURRENT_PROJECT_VERSION = 1;
				DEVELOPMENT_TEAM = "";
				GENERATE_INFOPLIST_FILE = YES;
				IPHONEOS_DEPLOYMENT_TARGET = 16.0;
				LD_RUNPATH_SEARCH_PATHS = (
					"$(inherited)",
					"@executable_path/Frameworks",
					"@loader_path/Frameworks",
				);
				MARKETING_VERSION = 1.0;
				PRODUCT_BUNDLE_IDENTIFIER = com.example.RentSwipeTests;
				PRODUCT_NAME = "$(TARGET_NAME)";
				SUPPORTED_PLATFORMS = "iphonesimulator iphoneos";
				SWIFT_VERSION = 5.0;
				TARGETED_DEVICE_FAMILY = 1;
				TEST_HOST = "$(BUILT_PRODUCTS_DIR)/RentSwipe.app/$(BUNDLE_EXECUTABLE_FOLDER_PATH)/RentSwipe";
			};
			name = Release;
		};
		2B8DA30F2C5A5AC800A4A927 /* Debug */ = {
			isa = XCBuildConfiguration;
			buildSettings = {
				CODE_SIGN_STYLE = Automatic;
				CURRENT_PROJECT_VERSION = 1;
				DEVELOPMENT_TEAM = "";
				GENERATE_INFOPLIST_FILE = YES;
				IPHONEOS_DEPLOYMENT_TARGET = 16.0;
				LD_RUNPATH_SEARCH_PATHS = (
					"$(inherited)",
					"@executable_path/Frameworks",
					"@loader_path/Frameworks",
				);
				MARKETING_VERSION = 1.0;
				PRODUCT_BUNDLE_IDENTIFIER = com.example.RentSwipeUITests;
				PRODUCT_NAME = "$(TARGET_NAME)";
				SUPPORTED_PLATFORMS = "iphonesimulator iphoneos";
				SWIFT_VERSION = 5.0;
				TARGETED_DEVICE_FAMILY = 1;
				TEST_TARGET_NAME = RentSwipe;
			};
			name = Debug;
		};
		2B8DA3102C5A5AC800A4A927 /* Release */ = {
			isa = XCBuildConfiguration;
			buildSettings = {
				CODE_SIGN_STYLE = Automatic;
				CURRENT_PROJECT_VERSION = 1;
				DEVELOPMENT_TEAM = "";
				GENERATE_INFOPLIST_FILE = YES;
				IPHONEOS_DEPLOYMENT_TARGET = 16.0;
				LD_RUNPATH_SEARCH_PATHS = (
					"$(inherited)",
					"@executable_path/Frameworks",
					"@loader_path/Frameworks",
				);
				MARKETING_VERSION = 1.0;
				PRODUCT_BUNDLE_IDENTIFIER = com.example.RentSwipeUITests;
				PRODUCT_NAME = "$(TARGET_NAME)";
				SUPPORTED_PLATFORMS = "iphonesimulator iphoneos";
				SWIFT_VERSION = 5.0;
				TARGETED_DEVICE_FAMILY = 1;
				TEST_TARGET_NAME = RentSwipe;
			};
			name = Release;
		};
		2B8DA3112C5A5AC800A4A927 /* Debug */ = {
			isa = XCBuildConfiguration;
			buildSettings = {
				ALWAYS_SEARCH_USER_PATHS = NO;
				CLANG_ANALYZER_NONNULL = YES;
				CLANG_ANALYZER_NUMBER_OBJECT_CONVERSION = YES_AGGRESSIVE;
				CLANG_CXX_LANGUAGE_STANDARD = "gnu++17";
				CLANG_CXX_LIBRARY = "libc++";
				CLANG_ENABLE_MODULES = YES;
				CLANG_ENABLE_OBJC_ARC = YES;
				CLANG_ENABLE_OBJC_WEAK = YES;
				CLANG_WARN_BLOCK_CAPTURE_AUTORELEASING = YES;
				CLANG_WARN_BOOL_CONVERSION = YES;
				CLANG_WARN_COMMA = YES;
				CLANG_WARN_CONSTANT_CONVERSION = YES;
				CLANG_WARN_DEPRECATED_OBJC_IMPLEMENTATIONS = YES;
				CLANG_WARN_DIRECT_OBJC_ISA_USAGE = YES_ERROR;
				CLANG_WARN_DOCUMENTATION_COMMENTS = YES;
				CLANG_WARN_EMPTY_BODY = YES;
				CLANG_WARN_ENUM_CONVERSION = YES;
				CLANG_WARN_INFINITE_RECURSION = YES;
				CLANG_WARN_INT_CONVERSION = YES;
				CLANG_WARN_NON_LITERAL_NULL_CONVERSION = YES;
				CLANG_WARN_OBJC_IMPLICIT_RETAIN_SELF = YES;
				CLANG_WARN_OBJC_LITERAL_CONVERSION = YES;
				CLANG_WARN_OBJC_ROOT_CLASS = YES_ERROR;
				CLANG_WARN_QUOTED_INCLUDE_IN_FRAMEWORK_HEADER = YES;
				CLANG_WARN_RANGE_LOOP_ANALYSIS = YES;
				CLANG_WARN_STRICT_PROTOTYPES = YES;
				CLANG_WARN_SUSPICIOUS_MOVE = YES;
				CLANG_WARN_UNGUARDED_AVAILABILITY = YES_AGGRESSIVE;
				CLANG_WARN_UNREACHABLE_CODE = YES;
				CLANG_WARN__DUPLICATE_METHOD_MATCH = YES;
				COPY_PHASE_STRIP = NO;
				DEBUG_INFORMATION_FORMAT = dwarf;
				ENABLE_STRICT_OBJC_MSGSEND = YES;
				ENABLE_TESTABILITY = YES;
				GCC_C_LANGUAGE_STANDARD = gnu11;
				GCC_DYNAMIC_NO_PIC = NO;
				GCC_NO_COMMON_BLOCKS = YES;
				GCC_OPTIMIZATION_LEVEL = 0;
				GCC_PREPROCESSOR_DEFINITIONS = (
					"DEBUG=1",
					"$(inherited)",
				);
				GCC_WARN_64_TO_32_BIT_CONVERSION = YES;
				GCC_WARN_ABOUT_RETURN_TYPE = YES_ERROR;
				GCC_WARN_UNDECLARED_SELECTOR = YES;
				GCC_WARN_UNINITIALIZED_AUTOS = YES_AGGRESSIVE;
				GCC_WARN_UNUSED_FUNCTION = YES;
				GCC_WARN_UNUSED_VARIABLE = YES;
				IPHONEOS_DEPLOYMENT_TARGET = 16.0;
				MTL_ENABLE_DEBUG_INFO = INCLUDE_SOURCE;
				MTL_FAST_MATH = YES;
				ONLY_ACTIVE_ARCH = YES;
				SDKROOT = iphoneos;
			};
			name = Debug;
		};
		2B8DA3122C5A5AC800A4A927 /* Release */ = {
			isa = XCBuildConfiguration;
			buildSettings = {
				ALWAYS_SEARCH_USER_PATHS = NO;
				CLANG_ANALYZER_NONNULL = YES;
				CLANG_ANALYZER_NUMBER_OBJECT_CONVERSION = YES_AGGRESSIVE;
				CLANG_CXX_LANGUAGE_STANDARD = "gnu++17";
				CLANG_CXX_LIBRARY = "libc++";
				CLANG_ENABLE_MODULES = YES;
				CLANG_ENABLE_OBJC_ARC = YES;
				CLANG_ENABLE_OBJC_WEAK = YES;
				CLANG_WARN_BLOCK_CAPTURE_AUTORELEASING = YES;
				CLANG_WARN_BOOL_CONVERSION = YES;
				CLANG_WARN_COMMA = YES;
				CLANG_WARN_CONSTANT_CONVERSION = YES;
				CLANG_WARN_DEPRECATED_OBJC_IMPLEMENTATIONS = YES;
				CLANG_WARN_DIRECT_OBJC_ISA_USAGE = YES_ERROR;
				CLANG_WARN_DOCUMENTATION_COMMENTS = YES;
				CLANG_WARN_EMPTY_BODY = YES;
				CLANG_WARN_ENUM_CONVERSION = YES;
				CLANG_WARN_INFINITE_RECURSION = YES;
				CLANG_WARN_INT_CONVERSION = YES;
				CLANG_WARN_NON_LITERAL_NULL_CONVERSION = YES;
				CLANG_WARN_OBJC_IMPLICIT_RETAIN_SELF = YES;
				CLANG_WARN_OBJC_LITERAL_CONVERSION = YES;
				CLANG_WARN_OBJC_ROOT_CLASS = YES_ERROR;
				CLANG_WARN_QUOTED_INCLUDE_IN_FRAMEWORK_HEADER = YES;
				CLANG_WARN_RANGE_LOOP_ANALYSIS = YES;
				CLANG_WARN_STRICT_PROTOTYPES = YES;
				CLANG_WARN_SUSPICIOUS_MOVE = YES;
				CLANG_WARN_UNGUARDED_AVAILABILITY = YES_AGGRESSIVE;
				CLANG_WARN_UNREACHABLE_CODE = YES;
				CLANG_WARN__DUPLICATE_METHOD_MATCH = YES;
				COPY_PHASE_STRIP = NO;
				DEBUG_INFORMATION_FORMAT = "dwarf-with-dsym";
				ENABLE_NS_ASSERTIONS = NO;
				ENABLE_STRICT_OBJC_MSGSEND = YES;
				GCC_C_LANGUAGE_STANDARD = gnu11;
				GCC_NO_COMMON_BLOCKS = YES;
				GCC_WARN_64_TO_32_BIT_CONVERSION = YES;
				GCC_WARN_ABOUT_RETURN_TYPE = YES_ERROR;
				GCC_WARN_UNDECLARED_SELECTOR = YES;
				GCC_WARN_UNINITIALIZED_AUTOS = YES_AGGRESSIVE;
				GCC_WARN_UNUSED_FUNCTION = YES;
				GCC_WARN_UNUSED_VARIABLE = YES;
				IPHONEOS_DEPLOYMENT_TARGET = 16.0;
				MTL_ENABLE_DEBUG_INFO = NO;
				MTL_FAST_MATH = YES;
				SDKROOT = iphoneos;
				VALIDATE_PRODUCT = YES;
			};
			name = Release;
		};
/* End XCBuildConfiguration section */

/* Begin XCConfigurationList section */
		2B8DA3202C5A5B4E00A4A927 /* Build configuration list for PBXProject "RentSwipe" */ = {
			isa = XCConfigurationList;
			buildConfigurations = (
				2B8DA3112C5A5AC800A4A927 /* Debug */,
				2B8DA3122C5A5AC800A4A927 /* Release */,
			);
			defaultConfigurationIsVisible = 0;
			defaultConfigurationName = Release;
		};
		2B8DA3212C5A5B4E00A4A927 /* Build configuration list for PBXNativeTarget "RentSwipe" */ = {
			isa = XCConfigurationList;
			buildConfigurations = (
				2B8DA2FB2C5A5A2C00A4A927 /* Debug */,
				2B8DA2FC2C5A5A2C00A4A927 /* Release */,
			);
			defaultConfigurationIsVisible = 0;
			defaultConfigurationName = Release;
		};
		2B8DA3222C5A5B4F00A4A927 /* Build configuration list for PBXNativeTarget "RentSwipeTests" */ = {
			isa = XCConfigurationList;
			buildConfigurations = (
				2B8DA30D2C5A5AC800A4A927 /* Debug */,
				2B8DA30E2C5A5AC800A4A927 /* Release */,
			);
			defaultConfigurationIsVisible = 0;
			defaultConfigurationName = Release;
		};
		2B8DA3232C5A5B4F00A4A927 /* Build configuration list for PBXNativeTarget "RentSwipeUITests" */ = {
			isa = XCConfigurationList;
			buildConfigurations = (
				2B8DA30F2C5A5AC800A4A927 /* Debug */,
				2B8DA3102C5A5AC800A4A927 /* Release */,
			);
			defaultConfigurationIsVisible = 0;
			defaultConfigurationName = Release;
		};
/* End XCConfigurationList section */
	};
	rootObject = 2B8DA2E52C5A5A2B00A4A927 /* Project object */;
}
